
Microsoft Visual Studio Solution File, Format Version 12.00
# Visual Studio Version 17
VisualStudioVersion = 17.5.33424.131
MinimumVisualStudioVersion = 10.0.40219.1
Project("{FAE04EC0-301F-11D3-BF4B-00C04F79EFBC}") = "pocketMoney", "pocketMoney\pocketMoney.csproj", "{73D56808-A83F-4C71-B48F-0C1B0A7E475F}"
EndProject
Global
	GlobalSection(SolutionConfigurationPlatforms) = preSolution
		Debug|Any CPU = Debug|Any CPU
		Release|Any CPU = Release|Any CPU
	EndGlobalSection
	GlobalSection(ProjectConfigurationPlatforms) = postSolution
		{73D56808-A83F-4C71-B48F-0C1B0A7E475F}.Debug|Any CPU.ActiveCfg = Debug|Any CPU
		{73D56808-A83F-4C71-B48F-0C1B0A7E475F}.Debug|Any CPU.Build.0 = Debug|Any CPU
		{73D56808-A83F-4C71-B48F-0C1B0A7E475F}.Release|Any CPU.ActiveCfg = Release|Any CPU
		{73D56808-A83F-4C71-B48F-0C1B0A7E475F}.Release|Any CPU.Build.0 = Release|Any CPU
	EndGlobalSection
	GlobalSection(SolutionProperties) = preSolution
		HideSolutionNode = FALSE
	EndGlobalSection
	GlobalSection(ExtensibilityGlobals) = postSolution
		SolutionGuid = {E15E15E6-49B9-4881-AA8A-DF08669ED342}
	EndGlobalSection
EndGlobal
